
Microsoft Visual Studio Solution File, Format Version 12.00
# Visual Studio Version 17
VisualStudioVersion = 17.13.35818.85 d17.13
MinimumVisualStudioVersion = 10.0.40219.1
Project("{FAE04EC0-301F-11D3-BF4B-00C04F79EFBC}") = "MiyuuShell", "MiyuuShell\MiyuuShell.csproj", "{9CC68FDE-A8AA-4E1F-8495-31D970432527}"
EndProject
Global
	GlobalSection(SolutionConfigurationPlatforms) = preSolution
		Debug|Any CPU = Debug|Any CPU
		Release|Any CPU = Release|Any CPU
	EndGlobalSection
	GlobalSection(ProjectConfigurationPlatforms) = postSolution
		{9CC68FDE-A8AA-4E1F-8495-31D970432527}.Debug|Any CPU.ActiveCfg = Debug|Any CPU
		{9CC68FDE-A8AA-4E1F-8495-31D970432527}.Debug|Any CPU.Build.0 = Debug|Any CPU
		{9CC68FDE-A8AA-4E1F-8495-31D970432527}.Release|Any CPU.ActiveCfg = Release|Any CPU
		{9CC68FDE-A8AA-4E1F-8495-31D970432527}.Release|Any CPU.Build.0 = Release|Any CPU
	EndGlobalSection
	GlobalSection(SolutionProperties) = preSolution
		HideSolutionNode = FALSE
	EndGlobalSection
	GlobalSection(ExtensibilityGlobals) = postSolution
		SolutionGuid = {9DB3D097-4101-4655-ACE0-C2E331A54DC2}
	EndGlobalSection
EndGlobal
